
Microsoft Visual Studio Solution File, Format Version 12.00
# Visual Studio 15
Project("{FAE04EC0-301F-11D3-BF4B-00C04F79EFBC}") = "PhotonUnityNetworking.Demos", "PhotonUnityNetworking.Demos.csproj", "{AD6F8BBF-9202-6EB2-78C5-4E49CE6067F3}"
EndProject
Project("{FAE04EC0-301F-11D3-BF4B-00C04F79EFBC}") = "PhotonUnityNetworking.Utilities", "PhotonUnityNetworking.Utilities.csproj", "{6CDEDED7-40EA-A2A7-209E-D14FAA7B5BFE}"
EndProject
Project("{FAE04EC0-301F-11D3-BF4B-00C04F79EFBC}") = "PhotonChat", "PhotonChat.csproj", "{69AB7F04-6232-A79B-2B68-AF1AD945F327}"
EndProject
Project("{FAE04EC0-301F-11D3-BF4B-00C04F79EFBC}") = "PhotonUnityNetworking", "PhotonUnityNetworking.csproj", "{0BC7D1EA-588C-80AE-C575-1813DF96FD23}"
EndProject
Project("{FAE04EC0-301F-11D3-BF4B-00C04F79EFBC}") = "Assembly-CSharp", "Assembly-CSharp.csproj", "{71738C2A-5653-1B24-D050-E498FF85F597}"
EndProject
Project("{FAE04EC0-301F-11D3-BF4B-00C04F79EFBC}") = "PhotonRealtime", "PhotonRealtime.csproj", "{0B4CE312-1FC0-8F8E-626A-982E7AD7F704}"
EndProject
Project("{FAE04EC0-301F-11D3-BF4B-00C04F79EFBC}") = "PhotonWebSocket", "PhotonWebSocket.csproj", "{D469FFE5-BC93-8CCC-4411-20BE001ABDBD}"
EndProject
Project("{FAE04EC0-301F-11D3-BF4B-00C04F79EFBC}") = "PhotonUnityNetworking.Editor", "PhotonUnityNetworking.Editor.csproj", "{E4C1C1D8-906F-F157-3D63-DB86C9EF44F9}"
EndProject
Project("{FAE04EC0-301F-11D3-BF4B-00C04F79EFBC}") = "PunDemos.DemoHubEditor", "PunDemos.DemoHubEditor.csproj", "{C83CBEB5-E810-ECB0-C0A6-CED686C0F032}"
EndProject
Project("{FAE04EC0-301F-11D3-BF4B-00C04F79EFBC}") = "PhotonUnityNetworking.Utilities.PhotonPlayer.Editor", "PhotonUnityNetworking.Utilities.PhotonPlayer.Editor.csproj", "{3F53ADF5-9AF0-A934-BB65-405791D22A3F}"
EndProject
Project("{FAE04EC0-301F-11D3-BF4B-00C04F79EFBC}") = "PhotonUnityNetworking.Utilities.Culling.Editor", "PhotonUnityNetworking.Utilities.Culling.Editor.csproj", "{1465E1C6-2004-1C82-1E70-A78A5A551280}"
EndProject
Project("{FAE04EC0-301F-11D3-BF4B-00C04F79EFBC}") = "PunDemos.DemoSlotcarEditor", "PunDemos.DemoSlotcarEditor.csproj", "{67096515-C565-1784-7B40-9449004EECC1}"
EndProject
Global
	GlobalSection(SolutionConfigurationPlatforms) = preSolution
		Debug|Any CPU = Debug|Any CPU
		Release|Any CPU = Release|Any CPU
	EndGlobalSection
	GlobalSection(ProjectConfigurationPlatforms) = postSolution
		{AD6F8BBF-9202-6EB2-78C5-4E49CE6067F3}.Debug|Any CPU.ActiveCfg = Debug|Any CPU
		{AD6F8BBF-9202-6EB2-78C5-4E49CE6067F3}.Debug|Any CPU.Build.0 = Debug|Any CPU
		{AD6F8BBF-9202-6EB2-78C5-4E49CE6067F3}.Release|Any CPU.ActiveCfg = Release|Any CPU
		{AD6F8BBF-9202-6EB2-78C5-4E49CE6067F3}.Release|Any CPU.Build.0 = Release|Any CPU
		{6CDEDED7-40EA-A2A7-209E-D14FAA7B5BFE}.Debug|Any CPU.ActiveCfg = Debug|Any CPU
		{6CDEDED7-40EA-A2A7-209E-D14FAA7B5BFE}.Debug|Any CPU.Build.0 = Debug|Any CPU
		{6CDEDED7-40EA-A2A7-209E-D14FAA7B5BFE}.Release|Any CPU.ActiveCfg = Release|Any CPU
		{6CDEDED7-40EA-A2A7-209E-D14FAA7B5BFE}.Release|Any CPU.Build.0 = Release|Any CPU
		{69AB7F04-6232-A79B-2B68-AF1AD945F327}.Debug|Any CPU.ActiveCfg = Debug|Any CPU
		{69AB7F04-6232-A79B-2B68-AF1AD945F327}.Debug|Any CPU.Build.0 = Debug|Any CPU
		{69AB7F04-6232-A79B-2B68-AF1AD945F327}.Release|Any CPU.ActiveCfg = Release|Any CPU
		{69AB7F04-6232-A79B-2B68-AF1AD945F327}.Release|Any CPU.Build.0 = Release|Any CPU
		{0BC7D1EA-588C-80AE-C575-1813DF96FD23}.Debug|Any CPU.ActiveCfg = Debug|Any CPU
		{0BC7D1EA-588C-80AE-C575-1813DF96FD23}.Debug|Any CPU.Build.0 = Debug|Any CPU
		{0BC7D1EA-588C-80AE-C575-1813DF96FD23}.Release|Any CPU.ActiveCfg = Release|Any CPU
		{0BC7D1EA-588C-80AE-C575-1813DF96FD23}.Release|Any CPU.Build.0 = Release|Any CPU
		{71738C2A-5653-1B24-D050-E498FF85F597}.Debug|Any CPU.ActiveCfg = Debug|Any CPU
		{71738C2A-5653-1B24-D050-E498FF85F597}.Debug|Any CPU.Build.0 = Debug|Any CPU
		{71738C2A-5653-1B24-D050-E498FF85F597}.Release|Any CPU.ActiveCfg = Release|Any CPU
		{71738C2A-5653-1B24-D050-E498FF85F597}.Release|Any CPU.Build.0 = Release|Any CPU
		{0B4CE312-1FC0-8F8E-626A-982E7AD7F704}.Debug|Any CPU.ActiveCfg = Debug|Any CPU
		{0B4CE312-1FC0-8F8E-626A-982E7AD7F704}.Debug|Any CPU.Build.0 = Debug|Any CPU
		{0B4CE312-1FC0-8F8E-626A-982E7AD7F704}.Release|Any CPU.ActiveCfg = Release|Any CPU
		{0B4CE312-1FC0-8F8E-626A-982E7AD7F704}.Release|Any CPU.Build.0 = Release|Any CPU
		{D469FFE5-BC93-8CCC-4411-20BE001ABDBD}.Debug|Any CPU.ActiveCfg = Debug|Any CPU
		{D469FFE5-BC93-8CCC-4411-20BE001ABDBD}.Debug|Any CPU.Build.0 = Debug|Any CPU
		{D469FFE5-BC93-8CCC-4411-20BE001ABDBD}.Release|Any CPU.ActiveCfg = Release|Any CPU
		{D469FFE5-BC93-8CCC-4411-20BE001ABDBD}.Release|Any CPU.Build.0 = Release|Any CPU
		{E4C1C1D8-906F-F157-3D63-DB86C9EF44F9}.Debug|Any CPU.ActiveCfg = Debug|Any CPU
		{E4C1C1D8-906F-F157-3D63-DB86C9EF44F9}.Debug|Any CPU.Build.0 = Debug|Any CPU
		{E4C1C1D8-906F-F157-3D63-DB86C9EF44F9}.Release|Any CPU.ActiveCfg = Release|Any CPU
		{E4C1C1D8-906F-F157-3D63-DB86C9EF44F9}.Release|Any CPU.Build.0 = Release|Any CPU
		{C83CBEB5-E810-ECB0-C0A6-CED686C0F032}.Debug|Any CPU.ActiveCfg = Debug|Any CPU
		{C83CBEB5-E810-ECB0-C0A6-CED686C0F032}.Debug|Any CPU.Build.0 = Debug|Any CPU
		{C83CBEB5-E810-ECB0-C0A6-CED686C0F032}.Release|Any CPU.ActiveCfg = Release|Any CPU
		{C83CBEB5-E810-ECB0-C0A6-CED686C0F032}.Release|Any CPU.Build.0 = Release|Any CPU
		{3F53ADF5-9AF0-A934-BB65-405791D22A3F}.Debug|Any CPU.ActiveCfg = Debug|Any CPU
		{3F53ADF5-9AF0-A934-BB65-405791D22A3F}.Debug|Any CPU.Build.0 = Debug|Any CPU
		{3F53ADF5-9AF0-A934-BB65-405791D22A3F}.Release|Any CPU.ActiveCfg = Release|Any CPU
		{3F53ADF5-9AF0-A934-BB65-405791D22A3F}.Release|Any CPU.Build.0 = Release|Any CPU
		{1465E1C6-2004-1C82-1E70-A78A5A551280}.Debug|Any CPU.ActiveCfg = Debug|Any CPU
		{1465E1C6-2004-1C82-1E70-A78A5A551280}.Debug|Any CPU.Build.0 = Debug|Any CPU
		{1465E1C6-2004-1C82-1E70-A78A5A551280}.Release|Any CPU.ActiveCfg = Release|Any CPU
		{1465E1C6-2004-1C82-1E70-A78A5A551280}.Release|Any CPU.Build.0 = Release|Any CPU
		{67096515-C565-1784-7B40-9449004EECC1}.Debug|Any CPU.ActiveCfg = Debug|Any CPU
		{67096515-C565-1784-7B40-9449004EECC1}.Debug|Any CPU.Build.0 = Debug|Any CPU
		{67096515-C565-1784-7B40-9449004EECC1}.Release|Any CPU.ActiveCfg = Release|Any CPU
		{67096515-C565-1784-7B40-9449004EECC1}.Release|Any CPU.Build.0 = Release|Any CPU
	EndGlobalSection
	GlobalSection(SolutionProperties) = preSolution
		HideSolutionNode = FALSE
	EndGlobalSection
EndGlobal
